{
  "name": "mangogrep",
  "version": "1.1.0",
  "lockfileVersion": 2,
  "requires": true,
  "packages": {
    "": {
      "name": "mangogrep",
      "version": "1.1.0",
      "license": "Apache-2.0",
      "dependencies": {
        "jsonpour": "^2.0.1",
        "pouchdb-selector-core": "^9.0.0",
        "sqltomango": "^2.0.1"
      },
      "bin": {
        "mangogrep": "bin/mangogrep.bin.js"
      }
    },
    "node_modules/@types/pegjs": {
      "version": "0.10.6",
      "resolved": "https://registry.npmjs.org/@types/pegjs/-/pegjs-0.10.6.tgz",
      "integrity": "sha512-eLYXDbZWXh2uxf+w8sXS8d6KSoXTswfps6fvCUuVAGN8eRpfe7h9eSRydxiSJvo9Bf+GzifsDOr9TMQlmJdmkw==",
      "license": "MIT"
    },
    "node_modules/big-integer": {
      "version": "1.6.52",
      "resolved": "https://registry.npmjs.org/big-integer/-/big-integer-1.6.52.tgz",
      "integrity": "sha512-QxD8cf2eVqJOOz63z6JIN9BzvVs/dlySa5HGSBH5xtR8dPteIRQnBxxKqkNTiT6jbDTF6jAfrd4oMcND9RGbQg==",
      "license": "Unlicense",
      "engines": {
        "node": ">=0.6"
      }
    },
    "node_modules/jsonpour": {
      "version": "2.0.1",
      "resolved": "https://registry.npmjs.org/jsonpour/-/jsonpour-2.0.1.tgz",
      "integrity": "sha512-5SKe9emlRis1jR6wRJZ5ioWnO15HPnqFUt2a350RrxbtBMGLWQ4MPF7SXO7XQcQLNO5DY73/IcB5jT1AA1Z17Q==",
      "license": "Apache-2.0"
    },
    "node_modules/node-sql-parser": {
      "version": "5.3.12",
      "resolved": "https://registry.npmjs.org/node-sql-parser/-/node-sql-parser-5.3.12.tgz",
      "integrity": "sha512-GQBwA2e44qjbK0MzFwh5bNYefniV6cKT4KfjNDpuh/2EWipUEK1BCMc//moSidp8EF6fHB/EqJwUH9GCh9MAPg==",
      "license": "Apache-2.0",
      "dependencies": {
        "@types/pegjs": "^0.10.0",
        "big-integer": "^1.6.48"
      },
      "engines": {
        "node": ">=8"
      }
    },
    "node_modules/pouchdb-binary-utils": {
      "version": "9.0.0",
      "resolved": "https://registry.npmjs.org/pouchdb-binary-utils/-/pouchdb-binary-utils-9.0.0.tgz",
      "integrity": "sha512-2OMtgDZi82vqs+zNDE0YiYjOaWkYCUcZJZKK3WkRr+XYRu+2B7umJrnygJFhUwoGedBbHSrlQBLhdNV3F1AX1A=="
    },
    "node_modules/pouchdb-collate": {
      "version": "9.0.0",
      "resolved": "https://registry.npmjs.org/pouchdb-collate/-/pouchdb-collate-9.0.0.tgz",
      "integrity": "sha512-TrnEDNZEmIIl+W3xKUO8h+geqVLQ90oZe5ujPkl8myUzpREULWXWQBnV5EzPXVEKDBpJlb8T3I6oy/zdWGQpdA=="
    },
    "node_modules/pouchdb-errors": {
      "version": "9.0.0",
      "resolved": "https://registry.npmjs.org/pouchdb-errors/-/pouchdb-errors-9.0.0.tgz",
      "integrity": "sha512-961PSMLhW0UqqdJ566g+CdLZ5pkBJRd6l4WWpCDdD0USvE4xYfYGzv43w7nZZBw1k3Xdy092yqPge7yX/tfnyw=="
    },
    "node_modules/pouchdb-md5": {
      "version": "9.0.0",
      "resolved": "https://registry.npmjs.org/pouchdb-md5/-/pouchdb-md5-9.0.0.tgz",
      "integrity": "sha512-58xUYBvW3/s+aH0j4uOhhN8yCk0LQ254cxBzI/gbKA9PrfwHpe4zrr0L/ia5ml3A30oH1f8aTnuVMwWDkFcuww==",
      "dependencies": {
        "pouchdb-binary-utils": "9.0.0",
        "spark-md5": "3.0.2"
      }
    },
    "node_modules/pouchdb-selector-core": {
      "version": "9.0.0",
      "resolved": "https://registry.npmjs.org/pouchdb-selector-core/-/pouchdb-selector-core-9.0.0.tgz",
      "integrity": "sha512-ZYHYsdoedwm8j5tYofz+3+uUSK8i+7tRCBb01T0OuqDQb17+w5mzjHF8Ppi160xdPUPaWCo1Un+nLWGJzkmA3g==",
      "dependencies": {
        "pouchdb-collate": "9.0.0",
        "pouchdb-utils": "9.0.0"
      }
    },
    "node_modules/pouchdb-utils": {
      "version": "9.0.0",
      "resolved": "https://registry.npmjs.org/pouchdb-utils/-/pouchdb-utils-9.0.0.tgz",
      "integrity": "sha512-xWZE5c+nAslgmLC8JBZbky8AYgdz7pKtv7KTSi6CD2tuQD0WyNKib0YnhZndeE84dksTeZlqlg56RQHsHoB2LQ==",
      "dependencies": {
        "pouchdb-errors": "9.0.0",
        "pouchdb-md5": "9.0.0",
        "uuid": "8.3.2"
      }
    },
    "node_modules/spark-md5": {
      "version": "3.0.2",
      "resolved": "https://registry.npmjs.org/spark-md5/-/spark-md5-3.0.2.tgz",
      "integrity": "sha512-wcFzz9cDfbuqe0FZzfi2or1sgyIrsDwmPwfZC4hiNidPdPINjeUwNfv5kldczoEAcjl9Y1L3SM7Uz2PUEQzxQw=="
    },
    "node_modules/sqltomango": {
      "version": "2.0.1",
      "resolved": "https://registry.npmjs.org/sqltomango/-/sqltomango-2.0.1.tgz",
      "integrity": "sha512-PmalBE5hRkcd8PO+/Suy3737yQ/IpTq+CGOdCu1KVN+pxBJr6rHs9cG/l4gxFV/qblUcSGF+u6xMiP9orMGDBw==",
      "license": "Apache-2.0",
      "dependencies": {
        "node-sql-parser": "^5.3.12"
      }
    },
    "node_modules/uuid": {
      "version": "8.3.2",
      "resolved": "https://registry.npmjs.org/uuid/-/uuid-8.3.2.tgz",
      "integrity": "sha512-+NYs2QeMWy+GWFOEm9xnn6HCDp0l7QBD7ml8zLUmJ+93Q5NF0NocErnwkTkXVFNiX3/fpC6afS8Dhb/gz7R7eg==",
      "bin": {
        "uuid": "dist/bin/uuid"
      }
    }
  },
  "dependencies": {
    "@types/pegjs": {
      "version": "0.10.6",
      "resolved": "https://registry.npmjs.org/@types/pegjs/-/pegjs-0.10.6.tgz",
      "integrity": "sha512-eLYXDbZWXh2uxf+w8sXS8d6KSoXTswfps6fvCUuVAGN8eRpfe7h9eSRydxiSJvo9Bf+GzifsDOr9TMQlmJdmkw=="
    },
    "big-integer": {
      "version": "1.6.52",
      "resolved": "https://registry.npmjs.org/big-integer/-/big-integer-1.6.52.tgz",
      "integrity": "sha512-QxD8cf2eVqJOOz63z6JIN9BzvVs/dlySa5HGSBH5xtR8dPteIRQnBxxKqkNTiT6jbDTF6jAfrd4oMcND9RGbQg=="
    },
    "jsonpour": {
      "version": "2.0.1",
      "resolved": "https://registry.npmjs.org/jsonpour/-/jsonpour-2.0.1.tgz",
      "integrity": "sha512-5SKe9emlRis1jR6wRJZ5ioWnO15HPnqFUt2a350RrxbtBMGLWQ4MPF7SXO7XQcQLNO5DY73/IcB5jT1AA1Z17Q=="
    },
    "node-sql-parser": {
      "version": "5.3.12",
      "resolved": "https://registry.npmjs.org/node-sql-parser/-/node-sql-parser-5.3.12.tgz",
      "integrity": "sha512-GQBwA2e44qjbK0MzFwh5bNYefniV6cKT4KfjNDpuh/2EWipUEK1BCMc//moSidp8EF6fHB/EqJwUH9GCh9MAPg==",
      "requires": {
        "@types/pegjs": "^0.10.0",
        "big-integer": "^1.6.48"
      }
    },
    "pouchdb-binary-utils": {
      "version": "9.0.0",
      "resolved": "https://registry.npmjs.org/pouchdb-binary-utils/-/pouchdb-binary-utils-9.0.0.tgz",
      "integrity": "sha512-2OMtgDZi82vqs+zNDE0YiYjOaWkYCUcZJZKK3WkRr+XYRu+2B7umJrnygJFhUwoGedBbHSrlQBLhdNV3F1AX1A=="
    },
    "pouchdb-collate": {
      "version": "9.0.0",
      "resolved": "https://registry.npmjs.org/pouchdb-collate/-/pouchdb-collate-9.0.0.tgz",
      "integrity": "sha512-TrnEDNZEmIIl+W3xKUO8h+geqVLQ90oZe5ujPkl8myUzpREULWXWQBnV5EzPXVEKDBpJlb8T3I6oy/zdWGQpdA=="
    },
    "pouchdb-errors": {
      "version": "9.0.0",
      "resolved": "https://registry.npmjs.org/pouchdb-errors/-/pouchdb-errors-9.0.0.tgz",
      "integrity": "sha512-961PSMLhW0UqqdJ566g+CdLZ5pkBJRd6l4WWpCDdD0USvE4xYfYGzv43w7nZZBw1k3Xdy092yqPge7yX/tfnyw=="
    },
    "pouchdb-md5": {
      "version": "9.0.0",
      "resolved": "https://registry.npmjs.org/pouchdb-md5/-/pouchdb-md5-9.0.0.tgz",
      "integrity": "sha512-58xUYBvW3/s+aH0j4uOhhN8yCk0LQ254cxBzI/gbKA9PrfwHpe4zrr0L/ia5ml3A30oH1f8aTnuVMwWDkFcuww==",
      "requires": {
        "pouchdb-binary-utils": "9.0.0",
        "spark-md5": "3.0.2"
      }
    },
    "pouchdb-selector-core": {
      "version": "9.0.0",
      "resolved": "https://registry.npmjs.org/pouchdb-selector-core/-/pouchdb-selector-core-9.0.0.tgz",
      "integrity": "sha512-ZYHYsdoedwm8j5tYofz+3+uUSK8i+7tRCBb01T0OuqDQb17+w5mzjHF8Ppi160xdPUPaWCo1Un+nLWGJzkmA3g==",
      "requires": {
        "pouchdb-collate": "9.0.0",
        "pouchdb-utils": "9.0.0"
      }
    },
    "pouchdb-utils": {
      "version": "9.0.0",
      "resolved": "https://registry.npmjs.org/pouchdb-utils/-/pouchdb-utils-9.0.0.tgz",
      "integrity": "sha512-xWZE5c+nAslgmLC8JBZbky8AYgdz7pKtv7KTSi6CD2tuQD0WyNKib0YnhZndeE84dksTeZlqlg56RQHsHoB2LQ==",
      "requires": {
        "pouchdb-errors": "9.0.0",
        "pouchdb-md5": "9.0.0",
        "uuid": "8.3.2"
      }
    },
    "spark-md5": {
      "version": "3.0.2",
      "resolved": "https://registry.npmjs.org/spark-md5/-/spark-md5-3.0.2.tgz",
      "integrity": "sha512-wcFzz9cDfbuqe0FZzfi2or1sgyIrsDwmPwfZC4hiNidPdPINjeUwNfv5kldczoEAcjl9Y1L3SM7Uz2PUEQzxQw=="
    },
    "sqltomango": {
      "version": "2.0.1",
      "resolved": "https://registry.npmjs.org/sqltomango/-/sqltomango-2.0.1.tgz",
      "integrity": "sha512-PmalBE5hRkcd8PO+/Suy3737yQ/IpTq+CGOdCu1KVN+pxBJr6rHs9cG/l4gxFV/qblUcSGF+u6xMiP9orMGDBw==",
      "requires": {
        "node-sql-parser": "^5.3.12"
      }
    },
    "uuid": {
      "version": "8.3.2",
      "resolved": "https://registry.npmjs.org/uuid/-/uuid-8.3.2.tgz",
      "integrity": "sha512-+NYs2QeMWy+GWFOEm9xnn6HCDp0l7QBD7ml8zLUmJ+93Q5NF0NocErnwkTkXVFNiX3/fpC6afS8Dhb/gz7R7eg=="
    }
  }
}
